# This file is autogenerated, do not edit; changes may be undone by the next 'dep ensure'.


[[projects]]
  name = "github.com/Sirupsen/logrus"
  packages = ["."]
  revision = "d682213848ed68c0a260ca37d6dd5ace8423f5ba"
  version = "v1.0.4"

[[projects]]
  name = "github.com/chzyer/readline"
  packages = ["."]
  revision = "62c6fe6193755f722b8b8788aa7357be55a50ff1"
  version = "v1.4"

[[projects]]
  name = "github.com/davecgh/go-spew"
  packages = ["spew"]
  revision = "346938d642f2ec3594ed81d874461961cd0faa76"
  version = "v1.1.0"

[[projects]]
  name = "github.com/fatih/color"
  packages = ["."]
  revision = "570b54cabe6b8eb0bc2dfce68d964677d63b5260"
  version = "v1.5.0"

[[projects]]
  name = "github.com/fsnotify/fsnotify"
  packages = ["."]
  revision = "629574ca2a5df945712d3079857300b5e4da0236"
  version = "v1.4.2"

[[projects]]
  branch = "master"
  name = "github.com/gdamore/encoding"
  packages = ["."]
  revision = "b23993cbb6353f0e6aa98d0ee318a34728f628b9"

[[projects]]
  name = "github.com/gdamore/tcell"
  packages = [".","encoding","terminfo"]
  revision = "061d51a604c546b48e92253cb65190d76cecf4c6"
  version = "v1.0.0"

[[projects]]
  branch = "master"
  name = "github.com/hashicorp/hcl"
  packages = [".","hcl/ast","hcl/parser","hcl/printer","hcl/scanner","hcl/strconv","hcl/token","json/parser","json/scanner","json/token"]
  revision = "23c074d0eceb2b8a5bfdbb271ab780cde70f05a8"

[[projects]]
  name = "github.com/inconshreveable/mousetrap"
  packages = ["."]
  revision = "76626ae9c91c4f2a10f34cad8ce83ea42c93bb75"
  version = "v1.0"

[[projects]]
  branch = "master"
  name = "github.com/junegunn/fzf"
  packages = ["src","src/algo","src/tui","src/util"]
  revision = "6db1136a6cd9e4054a5b723e7ba4fc16645980c7"
  source = "github.com/untoldwind/fzf"

[[projects]]
  name = "github.com/leanovate/gopter"
  packages = [".","gen","prop"]
  revision = "ed879adfa983372d181640d83cbb2851480335d4"
  version = "v0.2.0"

[[projects]]
  branch = "master"
  name = "github.com/leanovate/microtools"
  packages = ["logging","rest","routing"]
  revision = "e7b09151ef9cfe471dbf94bc048f3fcd6784fb9d"

[[projects]]
  branch = "master"
  name = "github.com/lucasb-eyer/go-colorful"
  packages = ["."]
  revision = "231272389856c976b7500c4fffcc52ddf06ff4eb"

[[projects]]
  name = "github.com/magiconair/properties"
  packages = ["."]
  revision = "d419a98cdbed11a922bf76f257b7c4be79b50e73"
  version = "v1.7.4"

[[projects]]
  name = "github.com/mattn/go-colorable"
  packages = ["."]
  revision = "167de6bfdfba052fa6b2d3664c8f5272e23c9072"
  version = "v0.0.9"

[[projects]]
  name = "github.com/mattn/go-isatty"
  packages = ["."]
  revision = "0360b2af4f38e8d38c7fce2a9f4e702702d73a39"
  version = "v0.0.3"

[[projects]]
  name = "github.com/mattn/go-runewidth"
  packages = ["."]
  revision = "9e777a8366cce605130a531d2cd6363d07ad7317"
  version = "v0.0.2"

[[projects]]
  name = "github.com/mattn/go-shellwords"
  packages = ["."]
  revision = "02e3cf038dcea8290e44424da473dd12be796a8a"
  version = "v1.0.3"

[[projects]]
  branch = "master"
  name = "github.com/mitchellh/go-homedir"
  packages = ["."]
  revision = "b8bc1bf767474819792c23f32d8286a45736f1c6"

[[projects]]
  branch = "master"
  name = "github.com/mitchellh/mapstructure"
  packages = ["."]
  revision = "06020f85339e21b2478f756a78e295255ffa4d6a"

[[projects]]
  name = "github.com/nbutton23/zxcvbn-go"
  packages = [".","adjacency","data","entropy","frequency","match","matching","scoring","utils/math"]
  revision = "eafdab6b0663b4b528c35975c8b0e78be6e25261"
  version = "v0.1"

[[projects]]
  name = "github.com/pelletier/go-toml"
  packages = ["."]
  revision = "16398bac157da96aa88f98a2df640c7f32af1da2"
  version = "v1.0.1"

[[projects]]
  name = "github.com/pkg/errors"
  packages = ["."]
  revision = "645ef00459ed84a119197bfb8d8205042c6df63d"
  version = "v0.8.0"

[[projects]]
  name = "github.com/pmezard/go-difflib"
  packages = ["difflib"]
  revision = "792786c7400a136282c1664665ae0a8db921c6c2"
  version = "v1.0.0"

[[projects]]
  branch = "master"
  name = "github.com/shibukawa/configdir"
  packages = ["."]
  revision = "e180dbdc8da04c4fa04272e875ce64949f38bd3e"

[[projects]]
  name = "github.com/spf13/afero"
  packages = [".","mem"]
  revision = "8d919cbe7e2627e417f3e45c3c0e489a5b7e2536"
  version = "v1.0.0"

[[projects]]
  name = "github.com/spf13/cast"
  packages = ["."]
  revision = "acbeb36b902d72a7a4c18e8f3241075e7ab763e4"
  version = "v1.1.0"

[[projects]]
  branch = "master"
  name = "github.com/spf13/cobra"
  packages = ["."]
  revision = "ccaecb155a2177302cb56cae929251a256d0f646"

[[projects]]
  branch = "master"
  name = "github.com/spf13/jwalterweatherman"
  packages = ["."]
  revision = "12bd96e66386c1960ab0f74ced1362f66f552f7b"

[[projects]]
  name = "github.com/spf13/pflag"
  packages = ["."]
  revision = "e57e3eeb33f795204c1ca35f56c44f83227c6e66"
  version = "v1.0.0"

[[projects]]
  branch = "master"
  name = "github.com/spf13/viper"
  packages = ["."]
  revision = "1a0c4a370c3e8286b835467d2dfcdaf636c3538b"

[[projects]]
  branch = "master"
  name = "github.com/stretchr/objx"
  packages = ["."]
  revision = "1a9d0bb9f541897e62256577b352fdbc1fb4fd94"

[[projects]]
  name = "github.com/stretchr/testify"
  packages = [".","assert","http","mock","require"]
  revision = "69483b4bd14f5845b5a1e55bca19e954e827f1d0"
  version = "v1.1.4"

[[projects]]
  branch = "master"
  name = "github.com/tobischo/gokeepasslib"
  packages = ["."]
  revision = "2c5c862670c1c5117739022c7b4ff231b3915bef"

[[projects]]
  branch = "master"
  name = "github.com/untoldwind/scrypt-go"
  packages = [".","commands","config","scryptlib"]
  revision = "71695c6edc36277a0a4ee8f1c569207f956d01e5"

[[projects]]
  branch = "master"
  name = "golang.org/x/crypto"
  packages = ["cast5","openpgp","openpgp/armor","openpgp/elgamal","openpgp/errors","openpgp/packet","openpgp/s2k","pbkdf2","scrypt","ssh/terminal"]
  revision = "6217826bd297ae6dcdc999a87063952c037bc67e"
  source = "github.com/untoldwind/crypto"

[[projects]]
  branch = "master"
  name = "golang.org/x/sys"
  packages = ["unix"]
  revision = "83801418e1b59fb1880e363299581ee543af32ca"

[[projects]]
  branch = "master"
  name = "golang.org/x/text"
  packages = ["encoding","encoding/charmap","encoding/internal","encoding/internal/identifier","encoding/japanese","encoding/korean","encoding/simplifiedchinese","encoding/traditionalchinese","internal/gen","internal/triegen","internal/ucd","transform","unicode/cldr","unicode/norm"]
  revision = "eb22672bea55af56d225d4e35405f4d2e9f062a0"

[[projects]]
  branch = "v2"
  name = "gopkg.in/natefinch/npipe.v2"
  packages = ["."]
  revision = "c1b8fa8bdccecb0b8db834ee0b92fdbcfa606dd6"

[[projects]]
  branch = "v2"
  name = "gopkg.in/urfave/cli.v2"
  packages = ["."]
  revision = "b2bf3c5abeb90da407891aecd1df2c5a1f6170c1"

[[projects]]
  branch = "v2"
  name = "gopkg.in/yaml.v2"
  packages = ["."]
  revision = "287cf08546ab5e7e37d55a84f7ed3fd1db036de5"

[solve-meta]
  analyzer-name = "dep"
  analyzer-version = 1
  inputs-digest = "49e9d93870e1f4e5c6598f3093831673e0b8aaa6efbbd65131b42053c26d7bb9"
  solver-name = "gps-cdcl"
  solver-version = 1
